
Microsoft Visual Studio Solution File, Format Version 12.00
# Visual Studio Version 17
VisualStudioVersion = 17.9.34902.65
MinimumVisualStudioVersion = 10.0.40219.1
Project("{FAE04EC0-301F-11D3-BF4B-00C04F79EFBC}") = "PaintBox3000", "PaintBox3000\PaintBox3000.csproj", "{A56D25E7-4DDC-4503-89ED-3C9B37D045E1}"
EndProject
Global
	GlobalSection(SolutionConfigurationPlatforms) = preSolution
		Debug|Any CPU = Debug|Any CPU
		Release|Any CPU = Release|Any CPU
	EndGlobalSection
	GlobalSection(ProjectConfigurationPlatforms) = postSolution
		{A56D25E7-4DDC-4503-89ED-3C9B37D045E1}.Debug|Any CPU.ActiveCfg = Debug|Any CPU
		{A56D25E7-4DDC-4503-89ED-3C9B37D045E1}.Debug|Any CPU.Build.0 = Debug|Any CPU
		{A56D25E7-4DDC-4503-89ED-3C9B37D045E1}.Release|Any CPU.ActiveCfg = Release|Any CPU
		{A56D25E7-4DDC-4503-89ED-3C9B37D045E1}.Release|Any CPU.Build.0 = Release|Any CPU
	EndGlobalSection
	GlobalSection(SolutionProperties) = preSolution
		HideSolutionNode = FALSE
	EndGlobalSection
	GlobalSection(ExtensibilityGlobals) = postSolution
		SolutionGuid = {0E0E6FD0-CB45-488A-BC09-AD897D83E00C}
	EndGlobalSection
EndGlobal
